
Microsoft Visual Studio Solution File, Format Version 12.00
# Visual Studio Version 16
VisualStudioVersion = 16.0.30523.141
MinimumVisualStudioVersion = 10.0.40219.1
Project("{FAE04EC0-301F-11D3-BF4B-00C04F79EFBC}") = "Game-01", "Game-01\Game-01.csproj", "{F0E9130E-F25D-4489-89AF-173C261C3F38}"
EndProject
Project("{9A19103F-16F7-4668-BE54-9A1E7A4F7556}") = "BaiTap3", "BaiTap3\BaiTap3.csproj", "{1BBE8673-31C6-442A-8DF0-F25F8E4F939F}"
EndProject
Project("{9A19103F-16F7-4668-BE54-9A1E7A4F7556}") = "BaiTap4", "BaiTap4\BaiTap4.csproj", "{658526D3-7CDA-439C-AE2B-F757D3470751}"
EndProject
Project("{9A19103F-16F7-4668-BE54-9A1E7A4F7556}") = "BaiTap5", "BaiTap5\BaiTap5.csproj", "{F42DB93B-0084-4017-AEFD-EBADD3207D62}"
EndProject
Project("{9A19103F-16F7-4668-BE54-9A1E7A4F7556}") = "BaiTap7", "BaiTap7\BaiTap7.csproj", "{3022F7B8-D344-4DBE-8485-38DB49CF7CFF}"
EndProject
Project("{9A19103F-16F7-4668-BE54-9A1E7A4F7556}") = "BaiTap8", "BaiTap8\BaiTap8.csproj", "{C142EE2C-5D3C-4083-BEA9-5CC441F4599E}"
EndProject
Project("{9A19103F-16F7-4668-BE54-9A1E7A4F7556}") = "BaiTap9", "BaiTap9\BaiTap9.csproj", "{45BF0780-E7C7-4932-AC59-940BD35396F6}"
EndProject
Project("{9A19103F-16F7-4668-BE54-9A1E7A4F7556}") = "BaiTap10", "BaiTap10\BaiTap10.csproj", "{8BC06B6B-5282-44D8-BA31-8DB1A9D242DF}"
EndProject
Project("{9A19103F-16F7-4668-BE54-9A1E7A4F7556}") = "BaiTap11", "BaiTap11\BaiTap11.csproj", "{588F606E-023F-4AAA-B536-E91C0EC2544D}"
EndProject
Project("{9A19103F-16F7-4668-BE54-9A1E7A4F7556}") = "BaiTap12", "BaiTap12\BaiTap12.csproj", "{AE7328DD-8F51-46A5-A70D-91D636B52ACA}"
EndProject
Project("{9A19103F-16F7-4668-BE54-9A1E7A4F7556}") = "BaiTap13", "BaiTap13\BaiTap13.csproj", "{7082E882-BAEA-48A6-A91A-8E3BA0C81D4A}"
EndProject
Project("{FAE04EC0-301F-11D3-BF4B-00C04F79EFBC}") = "BaiTap14", "BaiTap14\BaiTap14.csproj", "{31B22CEB-F8E0-4E07-B1EF-969F9C8244A4}"
EndProject
Project("{FAE04EC0-301F-11D3-BF4B-00C04F79EFBC}") = "Game-02", "Game-02\Game-02.csproj", "{4B0E2056-EB2E-42FC-A0C2-25D627259FFE}"
EndProject
Project("{FAE04EC0-301F-11D3-BF4B-00C04F79EFBC}") = "Mua-Sach", "Mua-Sach\Mua-Sach.csproj", "{F173DBE7-F84B-4F7C-85ED-A57C66AD1E26}"
EndProject
Project("{FAE04EC0-301F-11D3-BF4B-00C04F79EFBC}") = "BaiTap15", "BaiTap15\BaiTap15.csproj", "{E3EE9032-B569-4960-83BB-B36F5189AD08}"
EndProject
Project("{FAE04EC0-301F-11D3-BF4B-00C04F79EFBC}") = "BaiTap2", "BaiTap2\BaiTap2.csproj", "{5E86A165-CD9A-4A3A-9BDD-B7A05CF4F0A9}"
EndProject
Project("{FAE04EC0-301F-11D3-BF4B-00C04F79EFBC}") = "BaiTap6", "..\..\..\Desktop\LT Windows\Bai6\BaiTap6.csproj", "{BB6AE463-DAA6-459D-A9DF-841F29524B01}"
EndProject
Global
	GlobalSection(SolutionConfigurationPlatforms) = preSolution
		Debug|Any CPU = Debug|Any CPU
		Release|Any CPU = Release|Any CPU
	EndGlobalSection
	GlobalSection(ProjectConfigurationPlatforms) = postSolution
		{F0E9130E-F25D-4489-89AF-173C261C3F38}.Debug|Any CPU.ActiveCfg = Debug|Any CPU
		{F0E9130E-F25D-4489-89AF-173C261C3F38}.Debug|Any CPU.Build.0 = Debug|Any CPU
		{F0E9130E-F25D-4489-89AF-173C261C3F38}.Release|Any CPU.ActiveCfg = Release|Any CPU
		{F0E9130E-F25D-4489-89AF-173C261C3F38}.Release|Any CPU.Build.0 = Release|Any CPU
		{1BBE8673-31C6-442A-8DF0-F25F8E4F939F}.Debug|Any CPU.ActiveCfg = Debug|Any CPU
		{1BBE8673-31C6-442A-8DF0-F25F8E4F939F}.Debug|Any CPU.Build.0 = Debug|Any CPU
		{1BBE8673-31C6-442A-8DF0-F25F8E4F939F}.Release|Any CPU.ActiveCfg = Release|Any CPU
		{1BBE8673-31C6-442A-8DF0-F25F8E4F939F}.Release|Any CPU.Build.0 = Release|Any CPU
		{658526D3-7CDA-439C-AE2B-F757D3470751}.Debug|Any CPU.ActiveCfg = Debug|Any CPU
		{658526D3-7CDA-439C-AE2B-F757D3470751}.Debug|Any CPU.Build.0 = Debug|Any CPU
		{658526D3-7CDA-439C-AE2B-F757D3470751}.Release|Any CPU.ActiveCfg = Release|Any CPU
		{658526D3-7CDA-439C-AE2B-F757D3470751}.Release|Any CPU.Build.0 = Release|Any CPU
		{F42DB93B-0084-4017-AEFD-EBADD3207D62}.Debug|Any CPU.ActiveCfg = Debug|Any CPU
		{F42DB93B-0084-4017-AEFD-EBADD3207D62}.Debug|Any CPU.Build.0 = Debug|Any CPU
		{F42DB93B-0084-4017-AEFD-EBADD3207D62}.Release|Any CPU.ActiveCfg = Release|Any CPU
		{F42DB93B-0084-4017-AEFD-EBADD3207D62}.Release|Any CPU.Build.0 = Release|Any CPU
		{3022F7B8-D344-4DBE-8485-38DB49CF7CFF}.Debug|Any CPU.ActiveCfg = Debug|Any CPU
		{3022F7B8-D344-4DBE-8485-38DB49CF7CFF}.Debug|Any CPU.Build.0 = Debug|Any CPU
		{3022F7B8-D344-4DBE-8485-38DB49CF7CFF}.Release|Any CPU.ActiveCfg = Release|Any CPU
		{3022F7B8-D344-4DBE-8485-38DB49CF7CFF}.Release|Any CPU.Build.0 = Release|Any CPU
		{C142EE2C-5D3C-4083-BEA9-5CC441F4599E}.Debug|Any CPU.ActiveCfg = Debug|Any CPU
		{C142EE2C-5D3C-4083-BEA9-5CC441F4599E}.Debug|Any CPU.Build.0 = Debug|Any CPU
		{C142EE2C-5D3C-4083-BEA9-5CC441F4599E}.Release|Any CPU.ActiveCfg = Release|Any CPU
		{C142EE2C-5D3C-4083-BEA9-5CC441F4599E}.Release|Any CPU.Build.0 = Release|Any CPU
		{45BF0780-E7C7-4932-AC59-940BD35396F6}.Debug|Any CPU.ActiveCfg = Debug|Any CPU
		{45BF0780-E7C7-4932-AC59-940BD35396F6}.Debug|Any CPU.Build.0 = Debug|Any CPU
		{45BF0780-E7C7-4932-AC59-940BD35396F6}.Release|Any CPU.ActiveCfg = Release|Any CPU
		{45BF0780-E7C7-4932-AC59-940BD35396F6}.Release|Any CPU.Build.0 = Release|Any CPU
		{8BC06B6B-5282-44D8-BA31-8DB1A9D242DF}.Debug|Any CPU.ActiveCfg = Debug|Any CPU
		{8BC06B6B-5282-44D8-BA31-8DB1A9D242DF}.Debug|Any CPU.Build.0 = Debug|Any CPU
		{8BC06B6B-5282-44D8-BA31-8DB1A9D242DF}.Release|Any CPU.ActiveCfg = Release|Any CPU
		{8BC06B6B-5282-44D8-BA31-8DB1A9D242DF}.Release|Any CPU.Build.0 = Release|Any CPU
		{588F606E-023F-4AAA-B536-E91C0EC2544D}.Debug|Any CPU.ActiveCfg = Debug|Any CPU
		{588F606E-023F-4AAA-B536-E91C0EC2544D}.Debug|Any CPU.Build.0 = Debug|Any CPU
		{588F606E-023F-4AAA-B536-E91C0EC2544D}.Release|Any CPU.ActiveCfg = Release|Any CPU
		{588F606E-023F-4AAA-B536-E91C0EC2544D}.Release|Any CPU.Build.0 = Release|Any CPU
		{AE7328DD-8F51-46A5-A70D-91D636B52ACA}.Debug|Any CPU.ActiveCfg = Debug|Any CPU
		{AE7328DD-8F51-46A5-A70D-91D636B52ACA}.Debug|Any CPU.Build.0 = Debug|Any CPU
		{AE7328DD-8F51-46A5-A70D-91D636B52ACA}.Release|Any CPU.ActiveCfg = Release|Any CPU
		{AE7328DD-8F51-46A5-A70D-91D636B52ACA}.Release|Any CPU.Build.0 = Release|Any CPU
		{7082E882-BAEA-48A6-A91A-8E3BA0C81D4A}.Debug|Any CPU.ActiveCfg = Debug|Any CPU
		{7082E882-BAEA-48A6-A91A-8E3BA0C81D4A}.Debug|Any CPU.Build.0 = Debug|Any CPU
		{7082E882-BAEA-48A6-A91A-8E3BA0C81D4A}.Release|Any CPU.ActiveCfg = Release|Any CPU
		{7082E882-BAEA-48A6-A91A-8E3BA0C81D4A}.Release|Any CPU.Build.0 = Release|Any CPU
		{31B22CEB-F8E0-4E07-B1EF-969F9C8244A4}.Debug|Any CPU.ActiveCfg = Debug|Any CPU
		{31B22CEB-F8E0-4E07-B1EF-969F9C8244A4}.Debug|Any CPU.Build.0 = Debug|Any CPU
		{31B22CEB-F8E0-4E07-B1EF-969F9C8244A4}.Release|Any CPU.ActiveCfg = Release|Any CPU
		{31B22CEB-F8E0-4E07-B1EF-969F9C8244A4}.Release|Any CPU.Build.0 = Release|Any CPU
		{4B0E2056-EB2E-42FC-A0C2-25D627259FFE}.Debug|Any CPU.ActiveCfg = Debug|Any CPU
		{4B0E2056-EB2E-42FC-A0C2-25D627259FFE}.Debug|Any CPU.Build.0 = Debug|Any CPU
		{4B0E2056-EB2E-42FC-A0C2-25D627259FFE}.Release|Any CPU.ActiveCfg = Release|Any CPU
		{4B0E2056-EB2E-42FC-A0C2-25D627259FFE}.Release|Any CPU.Build.0 = Release|Any CPU
		{F173DBE7-F84B-4F7C-85ED-A57C66AD1E26}.Debug|Any CPU.ActiveCfg = Debug|Any CPU
		{F173DBE7-F84B-4F7C-85ED-A57C66AD1E26}.Debug|Any CPU.Build.0 = Debug|Any CPU
		{F173DBE7-F84B-4F7C-85ED-A57C66AD1E26}.Release|Any CPU.ActiveCfg = Release|Any CPU
		{F173DBE7-F84B-4F7C-85ED-A57C66AD1E26}.Release|Any CPU.Build.0 = Release|Any CPU
		{E3EE9032-B569-4960-83BB-B36F5189AD08}.Debug|Any CPU.ActiveCfg = Debug|Any CPU
		{E3EE9032-B569-4960-83BB-B36F5189AD08}.Debug|Any CPU.Build.0 = Debug|Any CPU
		{E3EE9032-B569-4960-83BB-B36F5189AD08}.Release|Any CPU.ActiveCfg = Release|Any CPU
		{E3EE9032-B569-4960-83BB-B36F5189AD08}.Release|Any CPU.Build.0 = Release|Any CPU
		{5E86A165-CD9A-4A3A-9BDD-B7A05CF4F0A9}.Debug|Any CPU.ActiveCfg = Debug|Any CPU
		{5E86A165-CD9A-4A3A-9BDD-B7A05CF4F0A9}.Debug|Any CPU.Build.0 = Debug|Any CPU
		{5E86A165-CD9A-4A3A-9BDD-B7A05CF4F0A9}.Release|Any CPU.ActiveCfg = Release|Any CPU
		{5E86A165-CD9A-4A3A-9BDD-B7A05CF4F0A9}.Release|Any CPU.Build.0 = Release|Any CPU
		{BB6AE463-DAA6-459D-A9DF-841F29524B01}.Debug|Any CPU.ActiveCfg = Debug|Any CPU
		{BB6AE463-DAA6-459D-A9DF-841F29524B01}.Debug|Any CPU.Build.0 = Debug|Any CPU
		{BB6AE463-DAA6-459D-A9DF-841F29524B01}.Release|Any CPU.ActiveCfg = Release|Any CPU
		{BB6AE463-DAA6-459D-A9DF-841F29524B01}.Release|Any CPU.Build.0 = Release|Any CPU
	EndGlobalSection
	GlobalSection(SolutionProperties) = preSolution
		HideSolutionNode = FALSE
	EndGlobalSection
	GlobalSection(ExtensibilityGlobals) = postSolution
		SolutionGuid = {DF7E48A8-AF67-413F-A0A3-F4EC86618D35}
	EndGlobalSection
EndGlobal
